
Microsoft Visual Studio Solution File, Format Version 12.00
# Visual Studio 15
Project("{FAE04EC0-301F-11D3-BF4B-00C04F79EFBC}") = "cw3", "cw3\cw3.csproj", "{5DD13761-BB90-43FF-934A-DEEA03520EFB}"
EndProject
Global
	GlobalSection(SolutionConfigurationPlatforms) = preSolution
		Debug|Any CPU = Debug|Any CPU
		Release|Any CPU = Release|Any CPU
	EndGlobalSection
	GlobalSection(ProjectConfigurationPlatforms) = postSolution
		{5DD13761-BB90-43FF-934A-DEEA03520EFB}.Debug|Any CPU.ActiveCfg = Debug|Any CPU
		{5DD13761-BB90-43FF-934A-DEEA03520EFB}.Debug|Any CPU.Build.0 = Debug|Any CPU
		{5DD13761-BB90-43FF-934A-DEEA03520EFB}.Release|Any CPU.ActiveCfg = Release|Any CPU
		{5DD13761-BB90-43FF-934A-DEEA03520EFB}.Release|Any CPU.Build.0 = Release|Any CPU
	EndGlobalSection
EndGlobal
