
Microsoft Visual Studio Solution File, Format Version 12.00
# Visual Studio 15
Project("{FAE04EC0-301F-11D3-BF4B-00C04F79EFBC}") = "cw6", "cw6.csproj", "{43DC9368-B3A0-4A3B-9F5F-DE1F40E924DA}"
EndProject
Global
	GlobalSection(SolutionConfigurationPlatforms) = preSolution
		Debug|Any CPU = Debug|Any CPU
		Release|Any CPU = Release|Any CPU
	EndGlobalSection
	GlobalSection(ProjectConfigurationPlatforms) = postSolution
		{43DC9368-B3A0-4A3B-9F5F-DE1F40E924DA}.Debug|Any CPU.ActiveCfg = Debug|Any CPU
		{43DC9368-B3A0-4A3B-9F5F-DE1F40E924DA}.Debug|Any CPU.Build.0 = Debug|Any CPU
		{43DC9368-B3A0-4A3B-9F5F-DE1F40E924DA}.Release|Any CPU.ActiveCfg = Release|Any CPU
		{43DC9368-B3A0-4A3B-9F5F-DE1F40E924DA}.Release|Any CPU.Build.0 = Release|Any CPU
	EndGlobalSection
EndGlobal
